{
  "version": 4,
  "terraform_version": "1.6.2",
  "serial": 19,
  "lineage": "bc28e862-6f1a-1759-2c19-a01af1cd88ee",
  "outputs": {},
  "resources": [
    {
      "mode": "managed",
      "type": "azurerm_resource_group",
      "name": "main",
      "provider": "provider[\"registry.terraform.io/hashicorp/azurerm\"]",
      "instances": [
        {
          "index_key": 0,
          "schema_version": 0,
          "attributes": {
            "id": "/subscriptions/5f2a44e0-a3d1-443e-87ce-077a895d5276/resourceGroups/cdd94c5795a77b49-rg",
            "location": "centralus",
            "managed_by": "",
            "name": "cdd94c5795a77b49-rg",
            "tags": null,
            "timeouts": null
          },
          "sensitive_attributes": [],
          "private": "eyJlMmJmYjczMC1lY2FhLTExZTYtOGY4OC0zNDM2M2JjN2M0YzAiOnsiY3JlYXRlIjo1NDAwMDAwMDAwMDAwLCJkZWxldGUiOjU0MDAwMDAwMDAwMDAsInJlYWQiOjMwMDAwMDAwMDAwMCwidXBkYXRlIjo1NDAwMDAwMDAwMDAwfX0=",
          "dependencies": [
            "random_id.prefix"
          ],
          "create_before_destroy": true
        }
      ]
    },
    {
      "mode": "managed",
      "type": "azurerm_subnet",
      "name": "test",
      "provider": "provider[\"registry.terraform.io/hashicorp/azurerm\"]",
      "instances": [
        {
          "schema_version": 0,
          "attributes": {
            "address_prefixes": [
              "10.52.0.0/24"
            ],
            "default_outbound_access_enabled": true,
            "delegation": [],
            "enforce_private_link_endpoint_network_policies": true,
            "enforce_private_link_service_network_policies": false,
            "id": "/subscriptions/5f2a44e0-a3d1-443e-87ce-077a895d5276/resourceGroups/cdd94c5795a77b49-rg/providers/Microsoft.Network/virtualNetworks/cdd94c5795a77b49-vn/subnets/cdd94c5795a77b49-sn",
            "name": "cdd94c5795a77b49-sn",
            "private_endpoint_network_policies": "Disabled",
            "private_endpoint_network_policies_enabled": false,
            "private_link_service_network_policies_enabled": true,
            "resource_group_name": "cdd94c5795a77b49-rg",
            "service_endpoint_policy_ids": null,
            "service_endpoints": null,
            "timeouts": null,
            "virtual_network_name": "cdd94c5795a77b49-vn"
          },
          "sensitive_attributes": [],
          "private": "eyJlMmJmYjczMC1lY2FhLTExZTYtOGY4OC0zNDM2M2JjN2M0YzAiOnsiY3JlYXRlIjoxODAwMDAwMDAwMDAwLCJkZWxldGUiOjE4MDAwMDAwMDAwMDAsInJlYWQiOjMwMDAwMDAwMDAwMCwidXBkYXRlIjoxODAwMDAwMDAwMDAwfX0=",
          "dependencies": [
            "azurerm_resource_group.main",
            "azurerm_virtual_network.test",
            "random_id.prefix"
          ],
          "create_before_destroy": true
        }
      ]
    },
    {
      "mode": "managed",
      "type": "azurerm_virtual_network",
      "name": "test",
      "provider": "provider[\"registry.terraform.io/hashicorp/azurerm\"]",
      "instances": [
        {
          "schema_version": 0,
          "attributes": {
            "address_space": [
              "10.52.0.0/16"
            ],
            "bgp_community": "",
            "ddos_protection_plan": [],
            "dns_servers": [],
            "edge_zone": "",
            "encryption": [],
            "flow_timeout_in_minutes": 0,
            "guid": "8bb16d3e-0125-41b3-957f-9622ae54602b",
            "id": "/subscriptions/5f2a44e0-a3d1-443e-87ce-077a895d5276/resourceGroups/cdd94c5795a77b49-rg/providers/Microsoft.Network/virtualNetworks/cdd94c5795a77b49-vn",
            "location": "centralus",
            "name": "cdd94c5795a77b49-vn",
            "resource_group_name": "cdd94c5795a77b49-rg",
            "subnet": [],
            "tags": null,
            "timeouts": null
          },
          "sensitive_attributes": [],
          "private": "eyJlMmJmYjczMC1lY2FhLTExZTYtOGY4OC0zNDM2M2JjN2M0YzAiOnsiY3JlYXRlIjoxODAwMDAwMDAwMDAwLCJkZWxldGUiOjE4MDAwMDAwMDAwMDAsInJlYWQiOjMwMDAwMDAwMDAwMCwidXBkYXRlIjoxODAwMDAwMDAwMDAwfX0=",
          "dependencies": [
            "azurerm_resource_group.main",
            "random_id.prefix"
          ],
          "create_before_destroy": true
        }
      ]
    },
    {
      "mode": "managed",
      "type": "random_id",
      "name": "prefix",
      "provider": "provider[\"registry.terraform.io/hashicorp/random\"]",
      "instances": [
        {
          "schema_version": 0,
          "attributes": {
            "b64_std": "zdlMV5Wne0k=",
            "b64_url": "zdlMV5Wne0k",
            "byte_length": 8,
            "dec": "14832970786778086217",
            "hex": "cdd94c5795a77b49",
            "id": "zdlMV5Wne0k",
            "keepers": null,
            "prefix": null
          },
          "sensitive_attributes": [],
          "private": "bnVsbA==",
          "create_before_destroy": true
        }
      ]
    },
    {
      "module": "module.aks",
      "mode": "data",
      "type": "azurerm_client_config",
      "name": "this",
      "provider": "provider[\"registry.terraform.io/hashicorp/azurerm\"]",
      "instances": [
        {
          "schema_version": 0,
          "attributes": {
            "client_id": "04b07795-8ddb-461a-bbee-02f9e1bf7b46",
            "id": "Y2xpZW50Q29uZmlncy9jbGllbnRJZD0wNGIwNzc5NS04ZGRiLTQ2MWEtYmJlZS0wMmY5ZTFiZjdiNDY7b2JqZWN0SWQ9YTQ4NTQ0NzItMTRiZS00YjliLWI3NjktNWJkZmRmNTJlZDI2O3N1YnNjcmlwdGlvbklkPTVmMmE0NGUwLWEzZDEtNDQzZS04N2NlLTA3N2E4OTVkNTI3Njt0ZW5hbnRJZD1iZDgxZThjMy0yZTVlLTQxNDktYWI5OS0xNzA4ZWJjN2Y1YjE=",
            "object_id": "a4854472-14be-4b9b-b769-5bdfdf52ed26",
            "subscription_id": "5f2a44e0-a3d1-443e-87ce-077a895d5276",
            "tenant_id": "bd81e8c3-2e5e-4149-ab99-1708ebc7f5b1",
            "timeouts": null
          },
          "sensitive_attributes": []
        }
      ]
    },
    {
      "module": "module.aks",
      "mode": "data",
      "type": "azurerm_resource_group",
      "name": "aks_rg",
      "provider": "provider[\"registry.terraform.io/hashicorp/azurerm\"]",
      "instances": [
        {
          "index_key": 0,
          "schema_version": 0,
          "attributes": {
            "id": "/subscriptions/5f2a44e0-a3d1-443e-87ce-077a895d5276/resourceGroups/cdd94c5795a77b49-rg",
            "location": "centralus",
            "managed_by": "",
            "name": "cdd94c5795a77b49-rg",
            "tags": {},
            "timeouts": null
          },
          "sensitive_attributes": []
        }
      ]
    },
    {
      "module": "module.aks",
      "mode": "data",
      "type": "azurerm_resource_group",
      "name": "main",
      "provider": "provider[\"registry.terraform.io/hashicorp/azurerm\"]",
      "instances": [
        {
          "schema_version": 0,
          "attributes": {
            "id": "/subscriptions/5f2a44e0-a3d1-443e-87ce-077a895d5276/resourceGroups/cdd94c5795a77b49-rg",
            "location": "centralus",
            "managed_by": "",
            "name": "cdd94c5795a77b49-rg",
            "tags": {},
            "timeouts": null
          },
          "sensitive_attributes": []
        }
      ]
    },
    {
      "module": "module.aks",
      "mode": "managed",
      "type": "azapi_update_resource",
      "name": "aks_cluster_post_create",
      "provider": "provider[\"registry.terraform.io/azure/azapi\"]",
      "instances": [
        {
          "schema_version": 1,
          "attributes": {
            "body": {
              "value": "{\"properties\":{\"kubernetesVersion\":null}}",
              "type": "string"
            },
            "id": "/subscriptions/5f2a44e0-a3d1-443e-87ce-077a895d5276/resourceGroups/cdd94c5795a77b49-rg/providers/Microsoft.ContainerService/managedClusters/prefix-cdd94c5795a77b49-aks",
            "ignore_body_changes": null,
            "ignore_casing": false,
            "ignore_missing_property": true,
            "locks": null,
            "name": "prefix-cdd94c5795a77b49-aks",
            "output": {
              "value": "{}",
              "type": "string"
            },
            "parent_id": "/subscriptions/5f2a44e0-a3d1-443e-87ce-077a895d5276/resourceGroups/cdd94c5795a77b49-rg",
            "resource_id": "/subscriptions/5f2a44e0-a3d1-443e-87ce-077a895d5276/resourceGroups/cdd94c5795a77b49-rg/providers/Microsoft.ContainerService/managedClusters/prefix-cdd94c5795a77b49-aks",
            "response_export_values": null,
            "timeouts": null,
            "type": "Microsoft.ContainerService/managedClusters@2024-02-01"
          },
          "sensitive_attributes": [],
          "dependencies": [
            "azurerm_resource_group.main",
            "azurerm_subnet.test",
            "azurerm_virtual_network.test",
            "module.aks.azurerm_kubernetes_cluster.main",
            "module.aks.azurerm_log_analytics_workspace.main",
            "module.aks.data.azurerm_resource_group.main",
            "module.aks.null_resource.kubernetes_cluster_name_keeper",
            "module.aks.null_resource.kubernetes_version_keeper",
            "module.aks.tls_private_key.ssh",
            "random_id.prefix"
          ],
          "create_before_destroy": true
        }
      ]
    },
    {
      "module": "module.aks",
      "mode": "managed",
      "type": "azurerm_kubernetes_cluster",
      "name": "main",
      "provider": "provider[\"registry.terraform.io/hashicorp/azurerm\"]",
      "instances": [
        {
          "schema_version": 2,
          "attributes": {
            "aci_connector_linux": [],
            "api_server_access_profile": [],
            "api_server_authorized_ip_ranges": [],
            "auto_scaler_profile": [],
            "automatic_channel_upgrade": "",
            "azure_active_directory_role_based_access_control": [],
            "azure_policy_enabled": false,
            "confidential_computing": [],
            "cost_analysis_enabled": false,
            "current_kubernetes_version": "1.28.10",
            "custom_ca_trust_certificates_base64": null,
            "default_node_pool": [
              {
                "capacity_reservation_group_id": "",
                "custom_ca_trust_enabled": false,
                "enable_auto_scaling": false,
                "enable_host_encryption": false,
                "enable_node_public_ip": false,
                "fips_enabled": false,
                "gpu_instance": "",
                "host_group_id": "",
                "kubelet_config": [],
                "kubelet_disk_type": "OS",
                "linux_os_config": [],
                "max_count": 0,
                "max_pods": 110,
                "message_of_the_day": "",
                "min_count": 0,
                "name": "nodepool",
                "node_count": 2,
                "node_labels": {},
                "node_network_profile": [],
                "node_public_ip_prefix_id": "",
                "node_taints": null,
                "only_critical_addons_enabled": false,
                "orchestrator_version": "1.28",
                "os_disk_size_gb": 60,
                "os_disk_type": "Managed",
                "os_sku": "Ubuntu",
                "pod_subnet_id": "",
                "proximity_placement_group_id": "",
                "scale_down_mode": "Delete",
                "snapshot_id": "",
                "tags": null,
                "temporary_name_for_rotation": "",
                "type": "VirtualMachineScaleSets",
                "ultra_ssd_enabled": false,
                "upgrade_settings": [
                  {
                    "drain_timeout_in_minutes": 0,
                    "max_surge": "10%",
                    "node_soak_duration_in_minutes": 0
                  }
                ],
                "vm_size": "Standard_D2s_v3",
                "vnet_subnet_id": "/subscriptions/5f2a44e0-a3d1-443e-87ce-077a895d5276/resourceGroups/cdd94c5795a77b49-rg/providers/Microsoft.Network/virtualNetworks/cdd94c5795a77b49-vn/subnets/cdd94c5795a77b49-sn",
                "workload_runtime": "",
                "zones": null
              }
            ],
            "disk_encryption_set_id": "",
            "dns_prefix": "prefix-cdd94c5795a77b49",
            "dns_prefix_private_cluster": "",
            "edge_zone": "",
            "enable_pod_security_policy": false,
            "fqdn": "prefix-cdd94c5795a77b49-yy2ytkas.hcp.centralus.azmk8s.io",
            "http_application_routing_enabled": false,
            "http_application_routing_zone_name": "",
            "http_proxy_config": [],
            "id": "/subscriptions/5f2a44e0-a3d1-443e-87ce-077a895d5276/resourceGroups/cdd94c5795a77b49-rg/providers/Microsoft.ContainerService/managedClusters/prefix-cdd94c5795a77b49-aks",
            "identity": [
              {
                "identity_ids": null,
                "principal_id": "e2462295-b76e-4435-9ea3-69944194ce9f",
                "tenant_id": "bd81e8c3-2e5e-4149-ab99-1708ebc7f5b1",
                "type": "SystemAssigned"
              }
            ],
            "image_cleaner_enabled": false,
            "image_cleaner_interval_hours": 48,
            "ingress_application_gateway": [],
            "key_management_service": [],
            "key_vault_secrets_provider": [],
            "kube_admin_config": [],
            "kube_admin_config_raw": "",
            "kube_config": [
              {
                "client_certificate": "LS0tLS1CRUdJTiBDRVJUSUZJQ0FURS0tLS0tCk1JSUZIVENDQXdXZ0F3SUJBZ0lRZElNMlp0QUZoVk1DMmJtVUdCMGgzekFOQmdrcWhraUc5dzBCQVFzRkFEQU4KTVFzd0NRWURWUVFERXdKallUQWVGdzB5TkRBM01qa3hOekl3TkRsYUZ3MHlOakEzTWpreE56TXdORGxhTURBeApGekFWQmdOVkJBb1REbk41YzNSbGJUcHRZWE4wWlhKek1SVXdFd1lEVlFRREV3eHRZWE4wWlhKamJHbGxiblF3CmdnSWlNQTBHQ1NxR1NJYjNEUUVCQVFVQUE0SUNEd0F3Z2dJS0FvSUNBUURGVlg4dGhkUTBnTlRySG1FU2lvUisKbHdpdGNic21ROHVCK2lQUE9oWnY5Rm5MZE9uSGlBSEI5TVZLN29KRUhHR2NCQTRuTWlzSUMra1E5M256aEN2WQplajJyV3gyRGxUNW1VbDkvVFVMdmhrSStkVzlsVytUR3BNeitwc0Y4L1NFTFRsRjlIWDVCUWdrQ3RXQlFrZjZDCjczdkZCZ0tOS2ZOd0ZXSnQzWUZzcmNYQ2tsSVNLZVVIaktPanZFNzNGbnh3OWwrU0t1NlFUU0FXRjBza0orNC8KZkJXQUV3aEJxMkRtN0poMDZnNVgydWU4OU1PUnZnVEdZYlJ0WmpKZHh3Rkw2aGFzTmU4OXZOcDRqVVB1VmFwYwpHZTl3dzAxaUlFeUg5MXhiVGpvM1lHYVRKT2VhT3U4WDhqaHBtNXAyTUdjaDFQbXZHeEJ0bTNxdkYwdTlZTGhRCkd3MnQ4ZDE2M0NXeDAzanN4VFltSU1mTDlqbFJnQ1Jjcy9PY1lzOFpHNjRvbzVRUjJrYS9ESDZJL3ZrZjUrZjMKT1lVN0RGZWxyWFQ4QjNIYXFSbHQ3VSt6OTIvNTl1cFJ4U3RYRVlUWlZWVSt5bmFEckg0bUNMUzI0aU1mYkdtRAovajRNSGlsL1kza3B1UDBydGxGZ25aTmdBcm9yRERpZitGeEltaVNGTFpwR3BueitGN2VFdERHQStyWDJlRU5TCmJRRDAxT09LeG8zRlNQOGpUYUJ2cHhrQnlJUDRxT3h2S2R0ZFliM29oVFpxUGVTaExURnR6NktRektqbWtRbTYKV3cwY1dPWEU1V2dXazFuWi9BcUFnc2dUb3JCU1hoN08vQVduR3V2OGZWMzNoVnZRMjBTdjNqWXE3OG55K3RVMwpNUkd5QzlWeUN5bHdsTzlOczNtcDV3SURBUUFCbzFZd1ZEQU9CZ05WSFE4QkFmOEVCQU1DQmFBd0V3WURWUjBsCkJBd3dDZ1lJS3dZQkJRVUhBd0l3REFZRFZSMFRBUUgvQkFJd0FEQWZCZ05WSFNNRUdEQVdnQlFqVUZHS0lEMFMKY0l0ZDB5c2VZSzNrak1Xd0pqQU5CZ2txaGtpRzl3MEJBUXNGQUFPQ0FnRUFSeUFTK3M2ZnloN0Izb1dFTUZCSQp6OTYxSUhScFJMTSt4UWlZaGQxa3Mxd2hkMFBscHNMYkR4S0d1NEZvdFFDWlZOOWNVbUE0eDd2TmxUZzZuRjhmCmxuOXY0b0g5VmhnYmdsRTBiZzRWTEhqM25maDI4aFAwUDJSMTNlbzVUamExWUx5STJDWUdFUC9rWFR4T08rNW4KbEQ2THdCdjJtOWlRQWNzQ3M5MXcrT2dQeUJJU0xIYVY4dTUvUlA2WXg3QTZHWVBRQkc5ajhmUHpMdThFQ2duNQp4UEFXNmp5b1hlaXAxbXcxekw1eDRLYVBnclA1SXNPVnY3eklhL0FFejhYMlYzUGpLTnVkSmNPS2RoZEdmOEpyCjR6WVk4dlp6cXNZb0lnTFpETnVhRENYNGZCQzE4RENPMU9jUk1VYW1GN1V2VTFLR1Y4MWZyVWR2N1N2Wkp5ekUKc3pPRS9pWDJBR3dZb3hrR1pLQWdYb21Sb2ZROFhNYnBJSzJaS1ZDUWg3c3RUVGRQc2F3UGhBRE5CSWh0VGNQcQp5VldpY2VXdUh4STNZb0RKSEYrd1lDejRQV0lTM2NsTzlGOHVPbjlOMDhTaVh6NXRPUkhad2R4cGkvMllBdytQCjVkcGVhSnFDRGpwVDZ2SWVmYXVhMXNMTW9YMk1pQ2tqb1p0aDBHYjA0YWxoWk50T3A4dTVyUXJoL0REd3dGQ00KTVR1MytiVU16Q0xReGZMQ3BuY0pFclZNMERUNE9DbFVhMXZja0ZFMW82NGl0YnN0V1ZlQXJwTGE0ZXZ3a3NTRwp0UVJhZldvaFhzVlVhbEYzcC81QlFkdGFnT05VbzIvdlVYQmlnTFcvREZrT0lhcjNTckFPL0l1dVhEYXM0UnhNCkEzRXZCTVZQZEFhTDkvK2FZZ0RCSWFvPQotLS0tLUVORCBDRVJUSUZJQ0FURS0tLS0tCg==",
                "client_key": "LS0tLS1CRUdJTiBSU0EgUFJJVkFURSBLRVktLS0tLQpNSUlKS1FJQkFBS0NBZ0VBeFZWL0xZWFVOSURVNng1aEVvcUVmcGNJclhHN0prUExnZm9qenpvV2IvUlp5M1RwCng0Z0J3ZlRGU3U2Q1JCeGhuQVFPSnpJckNBdnBFUGQ1ODRRcjJIbzlxMXNkZzVVK1psSmZmMDFDNzRaQ1BuVnYKWlZ2a3hxVE0vcWJCZlAwaEMwNVJmUjErUVVJSkFyVmdVSkgrZ3U5N3hRWUNqU256Y0JWaWJkMkJiSzNGd3BKUwpFaW5sQjR5am83eE85eFo4Y1BaZmtpcnVrRTBnRmhkTEpDZnVQM3dWZ0JNSVFhdGc1dXlZZE9vT1Y5cm52UFRECmtiNEV4bUcwYldZeVhjY0JTK29XckRYdlBiemFlSTFEN2xXcVhCbnZjTU5OWWlCTWgvZGNXMDQ2TjJCbWt5VG4KbWpydkYvSTRhWnVhZGpCbklkVDVyeHNRYlp0NnJ4ZEx2V0M0VUJzTnJmSGRldHdsc2RONDdNVTJKaURIeS9ZNQpVWUFrWExQem5HTFBHUnV1S0tPVUVkcEd2d3graVA3NUgrZm45em1GT3d4WHBhMTAvQWR4MnFrWmJlMVBzL2R2CitmYnFVY1VyVnhHRTJWVlZQc3AyZzZ4K0pnaTB0dUlqSDJ4cGcvNCtEQjRwZjJONUtiajlLN1pSWUoyVFlBSzYKS3d3NG4vaGNTSm9raFMyYVJxWjgvaGUzaExReGdQcTE5bmhEVW0wQTlOVGppc2FOeFVqL0kwMmdiNmNaQWNpRAorS2pzYnluYlhXRzk2SVUyYWoza29TMHhiYytpa015bzVwRUp1bHNOSEZqbHhPVm9GcE5aMmZ3S2dJTElFNkt3ClVsNGV6dndGcHhyci9IMWQ5NFZiME50RXI5NDJLdS9KOHZyVk56RVJzZ3ZWY2dzcGNKVHZUYk41cWVjQ0F3RUEKQVFLQ0FnQTRJbmthSnc3Vm5LeDA4ZUJsV05nVjlycjJNL3NzQ0c4VTIyWmlaY0RLT2pWdEJpWVdwNTd3WU1QYQo2L3hNaWRKT2dtelFRNW93SU1zOUUxa3lwNitkVmpEQzFSbVJPOXhUV1MxblZrQXJTUU1CSjREMzBXdEVBczk1CnhWQVhVUjZjUzd3c25qNHpMQ2pLQjNTTmx1cFNydk9EZVpFeVBQUE9ONWNYYjhLSWV1cGR6aWZnbU9CWkJHM3MKZnYzcmxnN3lSM09xYmVJTlZKTkRGWDgvbXNoUWNPamcxUWt0UFNaRXFwczM3dmtEanZjTExvbVBwUUZRdWF5TQp6bHlYaHF2Y3Y0dVJrNG9xQXRZWEl3Qm5CU0dBTDdTSVhGWmdDcFlhdTRnZlJTS1ViQ3pod01iTmZlUlQ2SWlaCnFqVUhWLytPaFRvOTBMSWNxL1Q3WitJWXpqRy92K0ErRFFQanFJOGZpN0liT1VETlRKU0crR2pnV2FjNFYrK2QKMkM1TWVBNzkwaXNkeS9iWERITDRkajhVcjdkdGRJS0k5dFpvN3d1Wk1XcS81WjlFQXVpSU9NcTBxaVZyWjVwWQp1dzhFMEh2cmlFRXZUMXZWYkMyZ2h5c2xveWR1TTBXblE1NFpUbERuSmFQa1kyV1p1YTEwbXd5MUtzTHpQaUdRCnFWcDJNUmNVdkJ2WE92cFJMZ0NuVkI2ODY3ekxNT0d1YVp3M3lYb1NxRW4wSStkYWJ1b0NQenNjbmNoZ21ha3EKaWpFZjBHYnhBNUlzakpZWTVzQVlZREVTUFNLKzlUenRxSk9UOVNxbm5JU21VS1JpT3pVbk44QWk4UW54c09UTwpQSE91YVBOS29VbTNmYit6azdkWkFKTVdKRThFQ0lYTHZCUk4wQXZYbGIyVnhlN0ZpUUtDQVFFQTFyejFDKzJCClh0dW12SkZoVGFJdjl6cXNXa04yVVhvQWNjeTQ5cStHbHd3SEh3SUlhWnBVMFZBb2ZzNjVmS0JXRWNPRGxwakIKS244NlBuN0pUZ3hTV0RncC9WZklWN2YxTkl3YUo3YjliSUhIaGVoQ0V1d0RYdUZxM2hoQzVqTjZIRVBsejNRRAowRG9maENVUWYzVytQY3RQTUQvSlFyUlZJTm5iaHozZUlJT0phN256K3dFQ3orekowVC9hNzh3RktQc0JlQjJNCklCR3EwcmIyM2REcnBNdWRYZTJqSHdmbUNjQ3ZyWUtUSjF2Qm1pMDQrK05vL3lYbDdSL2ZpQ1NXSEpsMWV1WXcKYlR5WjRvUFB4WFRNRWRwVXN5UlNCWFFWaXNxN0hITnR3ckptbUEyS3N4bERkblB2OEg5RWZaUnBXWDNrNmxKSwoyQmV6WFJzM0ZMczBvd0tDQVFFQTYwQnNlazhuUjBrVXBqTVIrbFN4SzBVbDZiWWFiRmNsZDRBR0dRRGZnYjVMCjJiaTRNOHJLRDRxa05XcWpTMkVuaFZNWjhFUzVrUGtGbDRRamk0a2NLQitjaGlVaTlWeXBUNkloZU1nd2gvQlgKNm5yS2FqL2JxNXdkQUZOYWpMU0xPY1FSSGFCNWFlSXVCbU9wUUVBbUN5YU1zOTJsT3hjSy9RTnNxYnB0MHRYUgpjS01iMEpjeWJBV3lPTDVyQ0hhTUxOR0UzQVF4b0dkUHpnRmQrQXk2R0M4L3ZGZEF1UXdsZGRJWERIWm9PZ3VVClBheHlqTEd0UDkxa1RWUG9TV0VjSzREckJqNGlYTTdVSWIrTXR4cVdsSTZpWUFnMWNjVWUwMTBnTDBaR0luL24KdEEyMTdUQjQ1VG5yZHQyNWVCMkZ6RmpnQTRJT1dxS1NpQzhiMUw1RjdRS0NBUUFVbzZhOTFiOFllZTRsczZkeAppY1FvZEFnNnlMOG5oNTFoVXJiNFp0aDl6aGNsSU5Ia0xJUTRkZ2JlWVVvc3MxQnlkcU5BSjBCeHNEYk42T3U2ClI2N21jY2QvWlIrSlp0SDNrZnUxazMzNkh1TXBlTEJaRnp3ZnMzVE5FZkhrSkZCNVJRRmlsaGtEdTRKcDloSUcKM2k5Qnl6ZTZRSGM4cFE2RmtNcnJ6Y042eG9tL3craXlXRitIMG85M1FEYnYwMkV2bGlpRy9mZ0k0UW5WSk9iSApYUnc1QTZVRmNTQzdpOHZOWmlxOGQ0OWpPZ3Q2b1J3WUFieUd3WUsrN3RCU1NvbnZCOFRsNGhnSGQ4cW1uZHFyCmROVmtaZUs4TVNKOUNiSkVXOFh1THgzK2w1MEt3a3B4ZWwwa2xuSWFZSEVaek5qdlZBMWJoRHRUVjd2U21Cb00KTVE0WEFvSUJBUUNIVEpvWERnY05ISjdmcDJlamphb0h0TkZGUlJLVlZObWJqT24wMzJlc2V3R3N5bXhHZlU4UQorUy9QK1BESm5hclpKeDQzN1k2OExqeGxFLzVOZGlIWGdiYkgvL3ZIR2UvV2VPeS9Sb09DNjF2azQ1SWU0WE01Cms2T3FXRVl2dm5hRVZwdHhhcVhwbThmVXJPVGVxd1kyUzRtSXVPVWF3dm55NGxGUW5JUWxTZ3dXdC9oN1V6b1EKbm9ZTjFKWkNXOHZxeXVXYWxGN21YZ1NyK21WTkVDVEhYQVZRRU82TWZzdmNvMlBXS3hOdXJ0SW5WbExiVUNUUQpJa2hab1BScm40cFFDdWtnd2dPSlZQcjBIZktVTEpxRi9qS3RBSXVjVHo2WFdXdjFSSGw1eGc1QW85SUtCR0xECmt6ZzFPUGcrZU54RzFxYWYzZURiaDd5MnprRTNiZWRSQW9JQkFRQ3dvWkVON240QWhqSEttM3Ftd2xLSjNJVSsKd012V1N1dm1ONUNsNG9QMSswWjF5cXVXbGJlYW1EeXpEQWJnQm15YjYrcFBoWXVhVFNRemtMam1vS0JqcGNQMApzTzViQzRRQWoxN2FETVluTTRjSG12Q3hZQXIvbnpid25teDR6MExiV3YrUHVFUG9mQ1M2YzJXNVJKNUFtcy8xCjdpSzNZWEFZMGJpaGZlTi9oMFRNZG9CZlNnOG52bnlHbGZVTUdLemdmQWlJSlVBaXFFK2JaK29FT3p4bUdqeG0KaFY1QmErd3IyS3JuQTZ3K1Q0emV2UE1qWXczWFNRcGhWRTJQYm9DdGFnRXdPTnpTdWpCVlJaQW1kOE1xa2pPMQpDQ3AzNDhoQUhRckxPbFU3U1FITFJFaXhXU3JyYkJYNEtmWTAyWXBMTDErWUpHOXdxaVVCQWdncXUrb0sKLS0tLS1FTkQgUlNBIFBSSVZBVEUgS0VZLS0tLS0K",
                "cluster_ca_certificate": "LS0tLS1CRUdJTiBDRVJUSUZJQ0FURS0tLS0tCk1JSUU2RENDQXRDZ0F3SUJBZ0lRSU5GYzlZcTNZcTFlcGlzSVZJTXIrakFOQmdrcWhraUc5dzBCQVFzRkFEQU4KTVFzd0NRWURWUVFERXdKallUQWdGdzB5TkRBM01qa3hOekl3TkRsYUdBOHlNRFUwTURjeU9URTNNekEwT1ZvdwpEVEVMTUFrR0ExVUVBeE1DWTJFd2dnSWlNQTBHQ1NxR1NJYjNEUUVCQVFVQUE0SUNEd0F3Z2dJS0FvSUNBUUN6ClFTVFFkRUJqMHkrK0RLZEVsWVoxSEhLR0ZkTThGb2lhVTQrUDNVZ0Iycks0VDlaNWIyRHh2bDRYcWpFRG9zT2UKWmwxMXhPbDFmZ1drVW1hMG9adS9weUsydHYxK0FBRHM2QndldGlOcTJTRllKazMwQnMwaUppSFVaZEpoaloxUgpORVV2RTZxK0dUa0V2cm51aC91ekRNbkFnRU9kY1FSczFGMnhTQzZ2QUxyMnhERktnbUVXU2VmMWNWWEpGYUc4CmhmNFVIMk1EQmI4V1Q2U3VYRzBFRXpaWVpOeDBtNmtES0tDMU5vMjQ3eDB5QlYvb21IeUZaUW1xRnFYSkFIcmUKNnBORW5yR2x4d3BoV0NjdHZmdlI0WWlHbWhwSmd5c2dMajBKWTBqMnBMRi93VVBQSWc2NFA2cWFQV2p6Sk1xcApGRnB0TGV2QUFkQVNkdHRrOTMrZmVudjdCN0YrZlNoTGZCUTVWQXJGV2RyUWpMMnBSekNUS1V5WUxwMmd2Q3NlCjRyVW84V0lqVmVYMWR4OUJidkl6T2V6SWQ3UkE4ZjZIUi9QMlZIWUZNVmY3bG5NdjhOQ2lYUTRGYklxM2hBbEkKb3VicUVTc2lzQjNyV1JVd3dsTjMvd2NLRTcwM2ZtUEE1TUJucS8rSW8vMGc4cDFweE9GejJQR2dwaE5ZUnRuKwpQajQ4NnhrNVlmR2JZa3dRZnFjK3Fob3pOT09BTmhXNm15WmpHYzVPRjFRZzQwdzZLcndqOHE0UVVMcXZpWmV1CnppcDc2Y01VY2lURVJoYzlOZng0MDUxZnM4b3l3c1NmUE5hUURoTlJuSUpMVDdrYjhLSlNNcWxNTS9iZCtXUFcKNWk2WG5hVS9xdEJsdWR1ald2ak9iNS90K2t6eHc4ZFM2S3ZFT1hzRGt3SURBUUFCbzBJd1FEQU9CZ05WSFE4QgpBZjhFQkFNQ0FxUXdEd1lEVlIwVEFRSC9CQVV3QXdFQi96QWRCZ05WSFE0RUZnUVVJMUJSaWlBOUVuQ0xYZE1yCkhtQ3Q1SXpGc0NZd0RRWUpLb1pJaHZjTkFRRUxCUUFEZ2dJQkFJakZLT04ySmpXZXExVzM5eVB2eCtlWVFVd1oKNGVScHcxZE5rMnB1VDkwaGx0U1prMkkwSi80YkU3U1lXMXM0WkViMW9YUlhKNjJ2WkV3NDE1b1c0WUJvKzRRVgpXaVFMM3E4NTlYRnRsUE9iN2hXME52NHZqWkxHejdsVjJXcDY2VWp2NFI5NGFGbVV3QzBycmJ0THEwb1BsV2tVCkJsQS9URUluL3k5RW8vMVk0dW1tY2NNL2NqSm14SkkyS3pGRFB0VWdZRjZmV3JGNk9COWxDQ282VUlGK3VPVy8KUmFZWER0R2lnM0I2bmthcTdESytscUF5QysxcWFQbzlOdE5xVFhtNzlSdndvcTY3cVA4Wjg4OXpnd2EzN0FwNQpsQml2UHZNYnVoNFRvaGJrbjZjUFVzajcvaUx3SjNRYUZRRmJJVTlGNW1acHFxdmZ1Ymg1RmtXd2tXSE9ySzY5Cnk2c1g0TDd6bnlrUFJaTmdlWkoyTFMwOGRBbEMwTVNQNVMxbiswcFNEN25zY0VGOHNWRHZqU0phVzhYcjlIb3EKZzhCd1JoQnZrbjVMN3pCenZaTE0zOEJpc005NEEvNStMeUhOZm9TMEtKazduSkllbW9IWUR1ZlpMQmlxSER3SgpLUDdmcktibnAzODZnSEVYeDV1Tld1UTVZQjdtQiswdnZucHg0cHd3ckxlT056eVhEdlVXWWwvU0N2VGk0T1RjCkFwUVJKUFBaQ3BodUhGRTNpQXczckRWdVNac01SME5JRmlFRmY1QjVSUWFQQ2VUd1piZHF3emd4ejRxemVPS20KczZaZzJyUGVpcmxJZEdaN1Zzd2o0K2ExN1BkRG44QzVST3FSaE1OeittZU1aR09GS0NVc0ovMmM2ZWljRlY5NgoyUDB2cE5EbEFkaTgvd0U0Ci0tLS0tRU5EIENFUlRJRklDQVRFLS0tLS0K",
                "host": "https://prefix-cdd94c5795a77b49-yy2ytkas.hcp.centralus.azmk8s.io:443",
                "password": "vkqkkoo5w758wtz489qv5kvg1n9zi8v5ungwij7ooo473s8htbqomwo4f9mm1utlflt2hp5oczdm5az8j3n34q11byzfnk09kjbxyr7itimwjitu4il19w0v8x1a3jdp",
                "username": "clusterUser_cdd94c5795a77b49-rg_prefix-cdd94c5795a77b49-aks"
              }
            ],
            "kube_config_raw": "apiVersion: v1\nclusters:\n- cluster:\n    certificate-authority-data: LS0tLS1CRUdJTiBDRVJUSUZJQ0FURS0tLS0tCk1JSUU2RENDQXRDZ0F3SUJBZ0lRSU5GYzlZcTNZcTFlcGlzSVZJTXIrakFOQmdrcWhraUc5dzBCQVFzRkFEQU4KTVFzd0NRWURWUVFERXdKallUQWdGdzB5TkRBM01qa3hOekl3TkRsYUdBOHlNRFUwTURjeU9URTNNekEwT1ZvdwpEVEVMTUFrR0ExVUVBeE1DWTJFd2dnSWlNQTBHQ1NxR1NJYjNEUUVCQVFVQUE0SUNEd0F3Z2dJS0FvSUNBUUN6ClFTVFFkRUJqMHkrK0RLZEVsWVoxSEhLR0ZkTThGb2lhVTQrUDNVZ0Iycks0VDlaNWIyRHh2bDRYcWpFRG9zT2UKWmwxMXhPbDFmZ1drVW1hMG9adS9weUsydHYxK0FBRHM2QndldGlOcTJTRllKazMwQnMwaUppSFVaZEpoaloxUgpORVV2RTZxK0dUa0V2cm51aC91ekRNbkFnRU9kY1FSczFGMnhTQzZ2QUxyMnhERktnbUVXU2VmMWNWWEpGYUc4CmhmNFVIMk1EQmI4V1Q2U3VYRzBFRXpaWVpOeDBtNmtES0tDMU5vMjQ3eDB5QlYvb21IeUZaUW1xRnFYSkFIcmUKNnBORW5yR2x4d3BoV0NjdHZmdlI0WWlHbWhwSmd5c2dMajBKWTBqMnBMRi93VVBQSWc2NFA2cWFQV2p6Sk1xcApGRnB0TGV2QUFkQVNkdHRrOTMrZmVudjdCN0YrZlNoTGZCUTVWQXJGV2RyUWpMMnBSekNUS1V5WUxwMmd2Q3NlCjRyVW84V0lqVmVYMWR4OUJidkl6T2V6SWQ3UkE4ZjZIUi9QMlZIWUZNVmY3bG5NdjhOQ2lYUTRGYklxM2hBbEkKb3VicUVTc2lzQjNyV1JVd3dsTjMvd2NLRTcwM2ZtUEE1TUJucS8rSW8vMGc4cDFweE9GejJQR2dwaE5ZUnRuKwpQajQ4NnhrNVlmR2JZa3dRZnFjK3Fob3pOT09BTmhXNm15WmpHYzVPRjFRZzQwdzZLcndqOHE0UVVMcXZpWmV1CnppcDc2Y01VY2lURVJoYzlOZng0MDUxZnM4b3l3c1NmUE5hUURoTlJuSUpMVDdrYjhLSlNNcWxNTS9iZCtXUFcKNWk2WG5hVS9xdEJsdWR1ald2ak9iNS90K2t6eHc4ZFM2S3ZFT1hzRGt3SURBUUFCbzBJd1FEQU9CZ05WSFE4QgpBZjhFQkFNQ0FxUXdEd1lEVlIwVEFRSC9CQVV3QXdFQi96QWRCZ05WSFE0RUZnUVVJMUJSaWlBOUVuQ0xYZE1yCkhtQ3Q1SXpGc0NZd0RRWUpLb1pJaHZjTkFRRUxCUUFEZ2dJQkFJakZLT04ySmpXZXExVzM5eVB2eCtlWVFVd1oKNGVScHcxZE5rMnB1VDkwaGx0U1prMkkwSi80YkU3U1lXMXM0WkViMW9YUlhKNjJ2WkV3NDE1b1c0WUJvKzRRVgpXaVFMM3E4NTlYRnRsUE9iN2hXME52NHZqWkxHejdsVjJXcDY2VWp2NFI5NGFGbVV3QzBycmJ0THEwb1BsV2tVCkJsQS9URUluL3k5RW8vMVk0dW1tY2NNL2NqSm14SkkyS3pGRFB0VWdZRjZmV3JGNk9COWxDQ282VUlGK3VPVy8KUmFZWER0R2lnM0I2bmthcTdESytscUF5QysxcWFQbzlOdE5xVFhtNzlSdndvcTY3cVA4Wjg4OXpnd2EzN0FwNQpsQml2UHZNYnVoNFRvaGJrbjZjUFVzajcvaUx3SjNRYUZRRmJJVTlGNW1acHFxdmZ1Ymg1RmtXd2tXSE9ySzY5Cnk2c1g0TDd6bnlrUFJaTmdlWkoyTFMwOGRBbEMwTVNQNVMxbiswcFNEN25zY0VGOHNWRHZqU0phVzhYcjlIb3EKZzhCd1JoQnZrbjVMN3pCenZaTE0zOEJpc005NEEvNStMeUhOZm9TMEtKazduSkllbW9IWUR1ZlpMQmlxSER3SgpLUDdmcktibnAzODZnSEVYeDV1Tld1UTVZQjdtQiswdnZucHg0cHd3ckxlT056eVhEdlVXWWwvU0N2VGk0T1RjCkFwUVJKUFBaQ3BodUhGRTNpQXczckRWdVNac01SME5JRmlFRmY1QjVSUWFQQ2VUd1piZHF3emd4ejRxemVPS20KczZaZzJyUGVpcmxJZEdaN1Zzd2o0K2ExN1BkRG44QzVST3FSaE1OeittZU1aR09GS0NVc0ovMmM2ZWljRlY5NgoyUDB2cE5EbEFkaTgvd0U0Ci0tLS0tRU5EIENFUlRJRklDQVRFLS0tLS0K\n    server: https://prefix-cdd94c5795a77b49-yy2ytkas.hcp.centralus.azmk8s.io:443\n  name: prefix-cdd94c5795a77b49-aks\ncontexts:\n- context:\n    cluster: prefix-cdd94c5795a77b49-aks\n    user: clusterUser_cdd94c5795a77b49-rg_prefix-cdd94c5795a77b49-aks\n  name: prefix-cdd94c5795a77b49-aks\ncurrent-context: prefix-cdd94c5795a77b49-aks\nkind: Config\npreferences: {}\nusers:\n- name: clusterUser_cdd94c5795a77b49-rg_prefix-cdd94c5795a77b49-aks\n  user:\n    client-certificate-data: LS0tLS1CRUdJTiBDRVJUSUZJQ0FURS0tLS0tCk1JSUZIVENDQXdXZ0F3SUJBZ0lRZElNMlp0QUZoVk1DMmJtVUdCMGgzekFOQmdrcWhraUc5dzBCQVFzRkFEQU4KTVFzd0NRWURWUVFERXdKallUQWVGdzB5TkRBM01qa3hOekl3TkRsYUZ3MHlOakEzTWpreE56TXdORGxhTURBeApGekFWQmdOVkJBb1REbk41YzNSbGJUcHRZWE4wWlhKek1SVXdFd1lEVlFRREV3eHRZWE4wWlhKamJHbGxiblF3CmdnSWlNQTBHQ1NxR1NJYjNEUUVCQVFVQUE0SUNEd0F3Z2dJS0FvSUNBUURGVlg4dGhkUTBnTlRySG1FU2lvUisKbHdpdGNic21ROHVCK2lQUE9oWnY5Rm5MZE9uSGlBSEI5TVZLN29KRUhHR2NCQTRuTWlzSUMra1E5M256aEN2WQplajJyV3gyRGxUNW1VbDkvVFVMdmhrSStkVzlsVytUR3BNeitwc0Y4L1NFTFRsRjlIWDVCUWdrQ3RXQlFrZjZDCjczdkZCZ0tOS2ZOd0ZXSnQzWUZzcmNYQ2tsSVNLZVVIaktPanZFNzNGbnh3OWwrU0t1NlFUU0FXRjBza0orNC8KZkJXQUV3aEJxMkRtN0poMDZnNVgydWU4OU1PUnZnVEdZYlJ0WmpKZHh3Rkw2aGFzTmU4OXZOcDRqVVB1VmFwYwpHZTl3dzAxaUlFeUg5MXhiVGpvM1lHYVRKT2VhT3U4WDhqaHBtNXAyTUdjaDFQbXZHeEJ0bTNxdkYwdTlZTGhRCkd3MnQ4ZDE2M0NXeDAzanN4VFltSU1mTDlqbFJnQ1Jjcy9PY1lzOFpHNjRvbzVRUjJrYS9ESDZJL3ZrZjUrZjMKT1lVN0RGZWxyWFQ4QjNIYXFSbHQ3VSt6OTIvNTl1cFJ4U3RYRVlUWlZWVSt5bmFEckg0bUNMUzI0aU1mYkdtRAovajRNSGlsL1kza3B1UDBydGxGZ25aTmdBcm9yRERpZitGeEltaVNGTFpwR3BueitGN2VFdERHQStyWDJlRU5TCmJRRDAxT09LeG8zRlNQOGpUYUJ2cHhrQnlJUDRxT3h2S2R0ZFliM29oVFpxUGVTaExURnR6NktRektqbWtRbTYKV3cwY1dPWEU1V2dXazFuWi9BcUFnc2dUb3JCU1hoN08vQVduR3V2OGZWMzNoVnZRMjBTdjNqWXE3OG55K3RVMwpNUkd5QzlWeUN5bHdsTzlOczNtcDV3SURBUUFCbzFZd1ZEQU9CZ05WSFE4QkFmOEVCQU1DQmFBd0V3WURWUjBsCkJBd3dDZ1lJS3dZQkJRVUhBd0l3REFZRFZSMFRBUUgvQkFJd0FEQWZCZ05WSFNNRUdEQVdnQlFqVUZHS0lEMFMKY0l0ZDB5c2VZSzNrak1Xd0pqQU5CZ2txaGtpRzl3MEJBUXNGQUFPQ0FnRUFSeUFTK3M2ZnloN0Izb1dFTUZCSQp6OTYxSUhScFJMTSt4UWlZaGQxa3Mxd2hkMFBscHNMYkR4S0d1NEZvdFFDWlZOOWNVbUE0eDd2TmxUZzZuRjhmCmxuOXY0b0g5VmhnYmdsRTBiZzRWTEhqM25maDI4aFAwUDJSMTNlbzVUamExWUx5STJDWUdFUC9rWFR4T08rNW4KbEQ2THdCdjJtOWlRQWNzQ3M5MXcrT2dQeUJJU0xIYVY4dTUvUlA2WXg3QTZHWVBRQkc5ajhmUHpMdThFQ2duNQp4UEFXNmp5b1hlaXAxbXcxekw1eDRLYVBnclA1SXNPVnY3eklhL0FFejhYMlYzUGpLTnVkSmNPS2RoZEdmOEpyCjR6WVk4dlp6cXNZb0lnTFpETnVhRENYNGZCQzE4RENPMU9jUk1VYW1GN1V2VTFLR1Y4MWZyVWR2N1N2Wkp5ekUKc3pPRS9pWDJBR3dZb3hrR1pLQWdYb21Sb2ZROFhNYnBJSzJaS1ZDUWg3c3RUVGRQc2F3UGhBRE5CSWh0VGNQcQp5VldpY2VXdUh4STNZb0RKSEYrd1lDejRQV0lTM2NsTzlGOHVPbjlOMDhTaVh6NXRPUkhad2R4cGkvMllBdytQCjVkcGVhSnFDRGpwVDZ2SWVmYXVhMXNMTW9YMk1pQ2tqb1p0aDBHYjA0YWxoWk50T3A4dTVyUXJoL0REd3dGQ00KTVR1MytiVU16Q0xReGZMQ3BuY0pFclZNMERUNE9DbFVhMXZja0ZFMW82NGl0YnN0V1ZlQXJwTGE0ZXZ3a3NTRwp0UVJhZldvaFhzVlVhbEYzcC81QlFkdGFnT05VbzIvdlVYQmlnTFcvREZrT0lhcjNTckFPL0l1dVhEYXM0UnhNCkEzRXZCTVZQZEFhTDkvK2FZZ0RCSWFvPQotLS0tLUVORCBDRVJUSUZJQ0FURS0tLS0tCg==\n    client-key-data: LS0tLS1CRUdJTiBSU0EgUFJJVkFURSBLRVktLS0tLQpNSUlKS1FJQkFBS0NBZ0VBeFZWL0xZWFVOSURVNng1aEVvcUVmcGNJclhHN0prUExnZm9qenpvV2IvUlp5M1RwCng0Z0J3ZlRGU3U2Q1JCeGhuQVFPSnpJckNBdnBFUGQ1ODRRcjJIbzlxMXNkZzVVK1psSmZmMDFDNzRaQ1BuVnYKWlZ2a3hxVE0vcWJCZlAwaEMwNVJmUjErUVVJSkFyVmdVSkgrZ3U5N3hRWUNqU256Y0JWaWJkMkJiSzNGd3BKUwpFaW5sQjR5am83eE85eFo4Y1BaZmtpcnVrRTBnRmhkTEpDZnVQM3dWZ0JNSVFhdGc1dXlZZE9vT1Y5cm52UFRECmtiNEV4bUcwYldZeVhjY0JTK29XckRYdlBiemFlSTFEN2xXcVhCbnZjTU5OWWlCTWgvZGNXMDQ2TjJCbWt5VG4KbWpydkYvSTRhWnVhZGpCbklkVDVyeHNRYlp0NnJ4ZEx2V0M0VUJzTnJmSGRldHdsc2RONDdNVTJKaURIeS9ZNQpVWUFrWExQem5HTFBHUnV1S0tPVUVkcEd2d3graVA3NUgrZm45em1GT3d4WHBhMTAvQWR4MnFrWmJlMVBzL2R2CitmYnFVY1VyVnhHRTJWVlZQc3AyZzZ4K0pnaTB0dUlqSDJ4cGcvNCtEQjRwZjJONUtiajlLN1pSWUoyVFlBSzYKS3d3NG4vaGNTSm9raFMyYVJxWjgvaGUzaExReGdQcTE5bmhEVW0wQTlOVGppc2FOeFVqL0kwMmdiNmNaQWNpRAorS2pzYnluYlhXRzk2SVUyYWoza29TMHhiYytpa015bzVwRUp1bHNOSEZqbHhPVm9GcE5aMmZ3S2dJTElFNkt3ClVsNGV6dndGcHhyci9IMWQ5NFZiME50RXI5NDJLdS9KOHZyVk56RVJzZ3ZWY2dzcGNKVHZUYk41cWVjQ0F3RUEKQVFLQ0FnQTRJbmthSnc3Vm5LeDA4ZUJsV05nVjlycjJNL3NzQ0c4VTIyWmlaY0RLT2pWdEJpWVdwNTd3WU1QYQo2L3hNaWRKT2dtelFRNW93SU1zOUUxa3lwNitkVmpEQzFSbVJPOXhUV1MxblZrQXJTUU1CSjREMzBXdEVBczk1CnhWQVhVUjZjUzd3c25qNHpMQ2pLQjNTTmx1cFNydk9EZVpFeVBQUE9ONWNYYjhLSWV1cGR6aWZnbU9CWkJHM3MKZnYzcmxnN3lSM09xYmVJTlZKTkRGWDgvbXNoUWNPamcxUWt0UFNaRXFwczM3dmtEanZjTExvbVBwUUZRdWF5TQp6bHlYaHF2Y3Y0dVJrNG9xQXRZWEl3Qm5CU0dBTDdTSVhGWmdDcFlhdTRnZlJTS1ViQ3pod01iTmZlUlQ2SWlaCnFqVUhWLytPaFRvOTBMSWNxL1Q3WitJWXpqRy92K0ErRFFQanFJOGZpN0liT1VETlRKU0crR2pnV2FjNFYrK2QKMkM1TWVBNzkwaXNkeS9iWERITDRkajhVcjdkdGRJS0k5dFpvN3d1Wk1XcS81WjlFQXVpSU9NcTBxaVZyWjVwWQp1dzhFMEh2cmlFRXZUMXZWYkMyZ2h5c2xveWR1TTBXblE1NFpUbERuSmFQa1kyV1p1YTEwbXd5MUtzTHpQaUdRCnFWcDJNUmNVdkJ2WE92cFJMZ0NuVkI2ODY3ekxNT0d1YVp3M3lYb1NxRW4wSStkYWJ1b0NQenNjbmNoZ21ha3EKaWpFZjBHYnhBNUlzakpZWTVzQVlZREVTUFNLKzlUenRxSk9UOVNxbm5JU21VS1JpT3pVbk44QWk4UW54c09UTwpQSE91YVBOS29VbTNmYit6azdkWkFKTVdKRThFQ0lYTHZCUk4wQXZYbGIyVnhlN0ZpUUtDQVFFQTFyejFDKzJCClh0dW12SkZoVGFJdjl6cXNXa04yVVhvQWNjeTQ5cStHbHd3SEh3SUlhWnBVMFZBb2ZzNjVmS0JXRWNPRGxwakIKS244NlBuN0pUZ3hTV0RncC9WZklWN2YxTkl3YUo3YjliSUhIaGVoQ0V1d0RYdUZxM2hoQzVqTjZIRVBsejNRRAowRG9maENVUWYzVytQY3RQTUQvSlFyUlZJTm5iaHozZUlJT0phN256K3dFQ3orekowVC9hNzh3RktQc0JlQjJNCklCR3EwcmIyM2REcnBNdWRYZTJqSHdmbUNjQ3ZyWUtUSjF2Qm1pMDQrK05vL3lYbDdSL2ZpQ1NXSEpsMWV1WXcKYlR5WjRvUFB4WFRNRWRwVXN5UlNCWFFWaXNxN0hITnR3ckptbUEyS3N4bERkblB2OEg5RWZaUnBXWDNrNmxKSwoyQmV6WFJzM0ZMczBvd0tDQVFFQTYwQnNlazhuUjBrVXBqTVIrbFN4SzBVbDZiWWFiRmNsZDRBR0dRRGZnYjVMCjJiaTRNOHJLRDRxa05XcWpTMkVuaFZNWjhFUzVrUGtGbDRRamk0a2NLQitjaGlVaTlWeXBUNkloZU1nd2gvQlgKNm5yS2FqL2JxNXdkQUZOYWpMU0xPY1FSSGFCNWFlSXVCbU9wUUVBbUN5YU1zOTJsT3hjSy9RTnNxYnB0MHRYUgpjS01iMEpjeWJBV3lPTDVyQ0hhTUxOR0UzQVF4b0dkUHpnRmQrQXk2R0M4L3ZGZEF1UXdsZGRJWERIWm9PZ3VVClBheHlqTEd0UDkxa1RWUG9TV0VjSzREckJqNGlYTTdVSWIrTXR4cVdsSTZpWUFnMWNjVWUwMTBnTDBaR0luL24KdEEyMTdUQjQ1VG5yZHQyNWVCMkZ6RmpnQTRJT1dxS1NpQzhiMUw1RjdRS0NBUUFVbzZhOTFiOFllZTRsczZkeAppY1FvZEFnNnlMOG5oNTFoVXJiNFp0aDl6aGNsSU5Ia0xJUTRkZ2JlWVVvc3MxQnlkcU5BSjBCeHNEYk42T3U2ClI2N21jY2QvWlIrSlp0SDNrZnUxazMzNkh1TXBlTEJaRnp3ZnMzVE5FZkhrSkZCNVJRRmlsaGtEdTRKcDloSUcKM2k5Qnl6ZTZRSGM4cFE2RmtNcnJ6Y042eG9tL3craXlXRitIMG85M1FEYnYwMkV2bGlpRy9mZ0k0UW5WSk9iSApYUnc1QTZVRmNTQzdpOHZOWmlxOGQ0OWpPZ3Q2b1J3WUFieUd3WUsrN3RCU1NvbnZCOFRsNGhnSGQ4cW1uZHFyCmROVmtaZUs4TVNKOUNiSkVXOFh1THgzK2w1MEt3a3B4ZWwwa2xuSWFZSEVaek5qdlZBMWJoRHRUVjd2U21Cb00KTVE0WEFvSUJBUUNIVEpvWERnY05ISjdmcDJlamphb0h0TkZGUlJLVlZObWJqT24wMzJlc2V3R3N5bXhHZlU4UQorUy9QK1BESm5hclpKeDQzN1k2OExqeGxFLzVOZGlIWGdiYkgvL3ZIR2UvV2VPeS9Sb09DNjF2azQ1SWU0WE01Cms2T3FXRVl2dm5hRVZwdHhhcVhwbThmVXJPVGVxd1kyUzRtSXVPVWF3dm55NGxGUW5JUWxTZ3dXdC9oN1V6b1EKbm9ZTjFKWkNXOHZxeXVXYWxGN21YZ1NyK21WTkVDVEhYQVZRRU82TWZzdmNvMlBXS3hOdXJ0SW5WbExiVUNUUQpJa2hab1BScm40cFFDdWtnd2dPSlZQcjBIZktVTEpxRi9qS3RBSXVjVHo2WFdXdjFSSGw1eGc1QW85SUtCR0xECmt6ZzFPUGcrZU54RzFxYWYzZURiaDd5MnprRTNiZWRSQW9JQkFRQ3dvWkVON240QWhqSEttM3Ftd2xLSjNJVSsKd012V1N1dm1ONUNsNG9QMSswWjF5cXVXbGJlYW1EeXpEQWJnQm15YjYrcFBoWXVhVFNRemtMam1vS0JqcGNQMApzTzViQzRRQWoxN2FETVluTTRjSG12Q3hZQXIvbnpid25teDR6MExiV3YrUHVFUG9mQ1M2YzJXNVJKNUFtcy8xCjdpSzNZWEFZMGJpaGZlTi9oMFRNZG9CZlNnOG52bnlHbGZVTUdLemdmQWlJSlVBaXFFK2JaK29FT3p4bUdqeG0KaFY1QmErd3IyS3JuQTZ3K1Q0emV2UE1qWXczWFNRcGhWRTJQYm9DdGFnRXdPTnpTdWpCVlJaQW1kOE1xa2pPMQpDQ3AzNDhoQUhRckxPbFU3U1FITFJFaXhXU3JyYkJYNEtmWTAyWXBMTDErWUpHOXdxaVVCQWdncXUrb0sKLS0tLS1FTkQgUlNBIFBSSVZBVEUgS0VZLS0tLS0K\n    token: vkqkkoo5w758wtz489qv5kvg1n9zi8v5ungwij7ooo473s8htbqomwo4f9mm1utlflt2hp5oczdm5az8j3n34q11byzfnk09kjbxyr7itimwjitu4il19w0v8x1a3jdp\n",
            "kubelet_identity": [
              {
                "client_id": "5067b2b3-ca1b-43b4-985f-d27e308a3a57",
                "object_id": "92fd7cf0-1423-4e5c-bcdd-cd985fd4c7b1",
                "user_assigned_identity_id": "/subscriptions/5f2a44e0-a3d1-443e-87ce-077a895d5276/resourceGroups/MC_cdd94c5795a77b49-rg_prefix-cdd94c5795a77b49-aks_centralus/providers/Microsoft.ManagedIdentity/userAssignedIdentities/prefix-cdd94c5795a77b49-aks-agentpool"
              }
            ],
            "kubernetes_version": "1.28",
            "linux_profile": [],
            "local_account_disabled": false,
            "location": "centralus",
            "maintenance_window": [],
            "maintenance_window_auto_upgrade": [],
            "maintenance_window_node_os": [],
            "microsoft_defender": [],
            "monitor_metrics": [],
            "name": "prefix-cdd94c5795a77b49-aks",
            "network_profile": [
              {
                "dns_service_ip": "10.0.0.10",
                "docker_bridge_cidr": "",
                "ebpf_data_plane": "",
                "ip_versions": [
                  "IPv4"
                ],
                "load_balancer_profile": [
                  {
                    "effective_outbound_ips": [
                      "/subscriptions/5f2a44e0-a3d1-443e-87ce-077a895d5276/resourceGroups/MC_cdd94c5795a77b49-rg_prefix-cdd94c5795a77b49-aks_centralus/providers/Microsoft.Network/publicIPAddresses/25e30a21-130d-4b19-af6f-ba651d252f2a"
                    ],
                    "idle_timeout_in_minutes": 0,
                    "managed_outbound_ip_count": 1,
                    "managed_outbound_ipv6_count": 0,
                    "outbound_ip_address_ids": [],
                    "outbound_ip_prefix_ids": [],
                    "outbound_ports_allocated": 0
                  }
                ],
                "load_balancer_sku": "standard",
                "nat_gateway_profile": [],
                "network_data_plane": "azure",
                "network_mode": "",
                "network_plugin": "kubenet",
                "network_plugin_mode": "",
                "network_policy": "",
                "outbound_ip_address_ids": [],
                "outbound_ip_prefix_ids": [],
                "outbound_type": "loadBalancer",
                "pod_cidr": "10.244.0.0/16",
                "pod_cidrs": [
                  "10.244.0.0/16"
                ],
                "service_cidr": "10.0.0.0/16",
                "service_cidrs": [
                  "10.0.0.0/16"
                ]
              }
            ],
            "node_os_channel_upgrade": null,
            "node_resource_group": "MC_cdd94c5795a77b49-rg_prefix-cdd94c5795a77b49-aks_centralus",
            "node_resource_group_id": "/subscriptions/5f2a44e0-a3d1-443e-87ce-077a895d5276/resourceGroups/MC_cdd94c5795a77b49-rg_prefix-cdd94c5795a77b49-aks_centralus",
            "oidc_issuer_enabled": false,
            "oidc_issuer_url": "",
            "oms_agent": [
              {
                "log_analytics_workspace_id": "/subscriptions/5f2a44e0-a3d1-443e-87ce-077a895d5276/resourceGroups/cdd94c5795a77b49-rg/providers/Microsoft.OperationalInsights/workspaces/prefix-cdd94c5795a77b49-workspace",
                "msi_auth_for_monitoring_enabled": false,
                "oms_agent_identity": [
                  {
                    "client_id": "387d62ce-14ab-4edd-b1e2-f81b12dbc18b",
                    "object_id": "433f5ce2-dfbc-49a6-90c8-099c3c24321e",
                    "user_assigned_identity_id": "/subscriptions/5f2a44e0-a3d1-443e-87ce-077a895d5276/resourcegroups/MC_cdd94c5795a77b49-rg_prefix-cdd94c5795a77b49-aks_centralus/providers/Microsoft.ManagedIdentity/userAssignedIdentities/omsagent-prefix-cdd94c5795a77b49-aks"
                  }
                ]
              }
            ],
            "open_service_mesh_enabled": false,
            "portal_fqdn": "prefix-cdd94c5795a77b49-yy2ytkas.portal.hcp.centralus.azmk8s.io",
            "private_cluster_enabled": false,
            "private_cluster_public_fqdn_enabled": false,
            "private_dns_zone_id": null,
            "private_fqdn": "",
            "public_network_access_enabled": true,
            "resource_group_name": "cdd94c5795a77b49-rg",
            "role_based_access_control_enabled": false,
            "run_command_enabled": true,
            "service_mesh_profile": [],
            "service_principal": [],
            "sku_tier": "Standard",
            "storage_profile": [],
            "support_plan": "KubernetesOfficial",
            "tags": null,
            "timeouts": null,
            "web_app_routing": [],
            "windows_profile": [],
            "workload_autoscaler_profile": [],
            "workload_identity_enabled": false
          },
          "sensitive_attributes": [],
          "private": "eyJlMmJmYjczMC1lY2FhLTExZTYtOGY4OC0zNDM2M2JjN2M0YzAiOnsiY3JlYXRlIjo1NDAwMDAwMDAwMDAwLCJkZWxldGUiOjU0MDAwMDAwMDAwMDAsInJlYWQiOjMwMDAwMDAwMDAwMCwidXBkYXRlIjo1NDAwMDAwMDAwMDAwfSwic2NoZW1hX3ZlcnNpb24iOiIyIn0=",
          "dependencies": [
            "azurerm_resource_group.main",
            "azurerm_subnet.test",
            "azurerm_virtual_network.test",
            "module.aks.azurerm_log_analytics_workspace.main",
            "module.aks.data.azurerm_resource_group.main",
            "module.aks.null_resource.kubernetes_cluster_name_keeper",
            "module.aks.tls_private_key.ssh",
            "random_id.prefix"
          ],
          "create_before_destroy": true
        }
      ]
    },
    {
      "module": "module.aks",
      "mode": "managed",
      "type": "azurerm_kubernetes_cluster_node_pool",
      "name": "node_pool_create_after_destroy",
      "provider": "provider[\"registry.terraform.io/hashicorp/azurerm\"]",
      "instances": [
        {
          "index_key": "worker1",
          "schema_version": 1,
          "attributes": {
            "capacity_reservation_group_id": "",
            "custom_ca_trust_enabled": false,
            "enable_auto_scaling": false,
            "enable_host_encryption": false,
            "enable_node_public_ip": false,
            "eviction_policy": "",
            "fips_enabled": false,
            "gpu_instance": null,
            "host_group_id": "",
            "id": "/subscriptions/5f2a44e0-a3d1-443e-87ce-077a895d5276/resourceGroups/cdd94c5795a77b49-rg/providers/Microsoft.ContainerService/managedClusters/prefix-cdd94c5795a77b49-aks/agentPools/worker1c",
            "kubelet_config": [],
            "kubelet_disk_type": "OS",
            "kubernetes_cluster_id": "/subscriptions/5f2a44e0-a3d1-443e-87ce-077a895d5276/resourceGroups/cdd94c5795a77b49-rg/providers/Microsoft.ContainerService/managedClusters/prefix-cdd94c5795a77b49-aks",
            "linux_os_config": [],
            "max_count": 0,
            "max_pods": 110,
            "message_of_the_day": "",
            "min_count": 0,
            "mode": "User",
            "name": "worker1c",
            "node_count": 1,
            "node_labels": {},
            "node_network_profile": [],
            "node_public_ip_prefix_id": "",
            "node_taints": null,
            "orchestrator_version": "1.28",
            "os_disk_size_gb": 128,
            "os_disk_type": "Managed",
            "os_sku": "Ubuntu",
            "os_type": "Linux",
            "pod_subnet_id": "",
            "priority": "Regular",
            "proximity_placement_group_id": "",
            "scale_down_mode": "Delete",
            "snapshot_id": null,
            "spot_max_price": -1,
            "tags": null,
            "timeouts": null,
            "ultra_ssd_enabled": false,
            "upgrade_settings": [],
            "vm_size": "Standard_D2s_v3",
            "vnet_subnet_id": "/subscriptions/5f2a44e0-a3d1-443e-87ce-077a895d5276/resourceGroups/cdd94c5795a77b49-rg/providers/Microsoft.Network/virtualNetworks/cdd94c5795a77b49-vn/subnets/cdd94c5795a77b49-sn",
            "windows_profile": [],
            "workload_runtime": null,
            "zones": null
          },
          "sensitive_attributes": [],
          "private": "eyJlMmJmYjczMC1lY2FhLTExZTYtOGY4OC0zNDM2M2JjN2M0YzAiOnsiY3JlYXRlIjozNjAwMDAwMDAwMDAwLCJkZWxldGUiOjM2MDAwMDAwMDAwMDAsInJlYWQiOjMwMDAwMDAwMDAwMCwidXBkYXRlIjozNjAwMDAwMDAwMDAwfSwic2NoZW1hX3ZlcnNpb24iOiIxIn0=",
          "dependencies": [
            "azurerm_resource_group.main",
            "azurerm_subnet.test",
            "azurerm_virtual_network.test",
            "module.aks.azapi_update_resource.aks_cluster_post_create",
            "module.aks.azurerm_kubernetes_cluster.main",
            "module.aks.azurerm_log_analytics_workspace.main",
            "module.aks.data.azurerm_resource_group.main",
            "module.aks.null_resource.kubernetes_cluster_name_keeper",
            "module.aks.null_resource.kubernetes_version_keeper",
            "module.aks.tls_private_key.ssh",
            "random_id.prefix"
          ]
        }
      ]
    },
    {
      "module": "module.aks",
      "mode": "managed",
      "type": "azurerm_kubernetes_cluster_node_pool",
      "name": "node_pool_create_before_destroy",
      "provider": "provider[\"registry.terraform.io/hashicorp/azurerm\"]",
      "instances": [
        {
          "index_key": "worker0",
          "schema_version": 1,
          "attributes": {
            "capacity_reservation_group_id": "",
            "custom_ca_trust_enabled": false,
            "enable_auto_scaling": false,
            "enable_host_encryption": false,
            "enable_node_public_ip": false,
            "eviction_policy": "",
            "fips_enabled": false,
            "gpu_instance": null,
            "host_group_id": "",
            "id": "/subscriptions/5f2a44e0-a3d1-443e-87ce-077a895d5276/resourceGroups/cdd94c5795a77b49-rg/providers/Microsoft.ContainerService/managedClusters/prefix-cdd94c5795a77b49-aks/agentPools/worker0c919a",
            "kubelet_config": [],
            "kubelet_disk_type": "OS",
            "kubernetes_cluster_id": "/subscriptions/5f2a44e0-a3d1-443e-87ce-077a895d5276/resourceGroups/cdd94c5795a77b49-rg/providers/Microsoft.ContainerService/managedClusters/prefix-cdd94c5795a77b49-aks",
            "linux_os_config": [],
            "max_count": 0,
            "max_pods": 110,
            "message_of_the_day": "",
            "min_count": 0,
            "mode": "User",
            "name": "worker0c919a",
            "node_count": 1,
            "node_labels": {},
            "node_network_profile": [],
            "node_public_ip_prefix_id": "",
            "node_taints": null,
            "orchestrator_version": "1.28",
            "os_disk_size_gb": 128,
            "os_disk_type": "Managed",
            "os_sku": "Ubuntu",
            "os_type": "Linux",
            "pod_subnet_id": "",
            "priority": "Regular",
            "proximity_placement_group_id": "",
            "scale_down_mode": "Delete",
            "snapshot_id": null,
            "spot_max_price": -1,
            "tags": null,
            "timeouts": null,
            "ultra_ssd_enabled": false,
            "upgrade_settings": [],
            "vm_size": "Standard_D2s_v3",
            "vnet_subnet_id": "/subscriptions/5f2a44e0-a3d1-443e-87ce-077a895d5276/resourceGroups/cdd94c5795a77b49-rg/providers/Microsoft.Network/virtualNetworks/cdd94c5795a77b49-vn/subnets/cdd94c5795a77b49-sn",
            "windows_profile": [],
            "workload_runtime": null,
            "zones": null
          },
          "sensitive_attributes": [],
          "private": "eyJlMmJmYjczMC1lY2FhLTExZTYtOGY4OC0zNDM2M2JjN2M0YzAiOnsiY3JlYXRlIjozNjAwMDAwMDAwMDAwLCJkZWxldGUiOjM2MDAwMDAwMDAwMDAsInJlYWQiOjMwMDAwMDAwMDAwMCwidXBkYXRlIjozNjAwMDAwMDAwMDAwfSwic2NoZW1hX3ZlcnNpb24iOiIxIn0=",
          "dependencies": [
            "azurerm_resource_group.main",
            "azurerm_subnet.test",
            "azurerm_virtual_network.test",
            "module.aks.azapi_update_resource.aks_cluster_post_create",
            "module.aks.azurerm_kubernetes_cluster.main",
            "module.aks.azurerm_log_analytics_workspace.main",
            "module.aks.data.azurerm_resource_group.main",
            "module.aks.null_resource.kubernetes_cluster_name_keeper",
            "module.aks.null_resource.kubernetes_version_keeper",
            "module.aks.null_resource.pool_name_keeper",
            "module.aks.tls_private_key.ssh",
            "random_id.prefix"
          ],
          "create_before_destroy": true
        },
        {
          "index_key": "worker2",
          "schema_version": 1,
          "attributes": {
            "capacity_reservation_group_id": "",
            "custom_ca_trust_enabled": false,
            "enable_auto_scaling": false,
            "enable_host_encryption": false,
            "enable_node_public_ip": false,
            "eviction_policy": "",
            "fips_enabled": false,
            "gpu_instance": null,
            "host_group_id": "",
            "id": "/subscriptions/5f2a44e0-a3d1-443e-87ce-077a895d5276/resourceGroups/cdd94c5795a77b49-rg/providers/Microsoft.ContainerService/managedClusters/prefix-cdd94c5795a77b49-aks/agentPools/worker2c1785",
            "kubelet_config": [],
            "kubelet_disk_type": "OS",
            "kubernetes_cluster_id": "/subscriptions/5f2a44e0-a3d1-443e-87ce-077a895d5276/resourceGroups/cdd94c5795a77b49-rg/providers/Microsoft.ContainerService/managedClusters/prefix-cdd94c5795a77b49-aks",
            "linux_os_config": [],
            "max_count": 0,
            "max_pods": 110,
            "message_of_the_day": "",
            "min_count": 0,
            "mode": "User",
            "name": "worker2c1785",
            "node_count": 1,
            "node_labels": {},
            "node_network_profile": [],
            "node_public_ip_prefix_id": "",
            "node_taints": null,
            "orchestrator_version": "1.28",
            "os_disk_size_gb": 128,
            "os_disk_type": "Managed",
            "os_sku": "Ubuntu",
            "os_type": "Linux",
            "pod_subnet_id": "",
            "priority": "Regular",
            "proximity_placement_group_id": "",
            "scale_down_mode": "Delete",
            "snapshot_id": null,
            "spot_max_price": -1,
            "tags": null,
            "timeouts": null,
            "ultra_ssd_enabled": false,
            "upgrade_settings": [],
            "vm_size": "Standard_D2s_v3",
            "vnet_subnet_id": "/subscriptions/5f2a44e0-a3d1-443e-87ce-077a895d5276/resourceGroups/cdd94c5795a77b49-rg/providers/Microsoft.Network/virtualNetworks/cdd94c5795a77b49-vn/subnets/cdd94c5795a77b49-sn",
            "windows_profile": [],
            "workload_runtime": null,
            "zones": null
          },
          "sensitive_attributes": [],
          "private": "eyJlMmJmYjczMC1lY2FhLTExZTYtOGY4OC0zNDM2M2JjN2M0YzAiOnsiY3JlYXRlIjozNjAwMDAwMDAwMDAwLCJkZWxldGUiOjM2MDAwMDAwMDAwMDAsInJlYWQiOjMwMDAwMDAwMDAwMCwidXBkYXRlIjozNjAwMDAwMDAwMDAwfSwic2NoZW1hX3ZlcnNpb24iOiIxIn0=",
          "dependencies": [
            "azurerm_resource_group.main",
            "azurerm_subnet.test",
            "azurerm_virtual_network.test",
            "module.aks.azapi_update_resource.aks_cluster_post_create",
            "module.aks.azurerm_kubernetes_cluster.main",
            "module.aks.azurerm_log_analytics_workspace.main",
            "module.aks.data.azurerm_resource_group.main",
            "module.aks.null_resource.kubernetes_cluster_name_keeper",
            "module.aks.null_resource.kubernetes_version_keeper",
            "module.aks.null_resource.pool_name_keeper",
            "module.aks.tls_private_key.ssh",
            "random_id.prefix"
          ],
          "create_before_destroy": true
        }
      ]
    },
    {
      "module": "module.aks",
      "mode": "managed",
      "type": "azurerm_log_analytics_solution",
      "name": "main",
      "provider": "provider[\"registry.terraform.io/hashicorp/azurerm\"]",
      "instances": [
        {
          "index_key": 0,
          "schema_version": 1,
          "attributes": {
            "id": "/subscriptions/5f2a44e0-a3d1-443e-87ce-077a895d5276/resourceGroups/cdd94c5795a77b49-rg/providers/Microsoft.OperationsManagement/solutions/ContainerInsights(prefix-cdd94c5795a77b49-workspace)",
            "location": "centralus",
            "plan": [
              {
                "name": "ContainerInsights(prefix-cdd94c5795a77b49-workspace)",
                "product": "OMSGallery/ContainerInsights",
                "promotion_code": "",
                "publisher": "Microsoft"
              }
            ],
            "resource_group_name": "cdd94c5795a77b49-rg",
            "solution_name": "ContainerInsights",
            "tags": null,
            "timeouts": null,
            "workspace_name": "prefix-cdd94c5795a77b49-workspace",
            "workspace_resource_id": "/subscriptions/5f2a44e0-a3d1-443e-87ce-077a895d5276/resourceGroups/cdd94c5795a77b49-rg/providers/Microsoft.OperationalInsights/workspaces/prefix-cdd94c5795a77b49-workspace"
          },
          "sensitive_attributes": [],
          "private": "eyJlMmJmYjczMC1lY2FhLTExZTYtOGY4OC0zNDM2M2JjN2M0YzAiOnsiY3JlYXRlIjoxODAwMDAwMDAwMDAwLCJkZWxldGUiOjE4MDAwMDAwMDAwMDAsInJlYWQiOjMwMDAwMDAwMDAwMCwidXBkYXRlIjoxODAwMDAwMDAwMDAwfSwic2NoZW1hX3ZlcnNpb24iOiIxIn0=",
          "dependencies": [
            "azurerm_resource_group.main",
            "module.aks.azurerm_log_analytics_workspace.main",
            "module.aks.data.azurerm_log_analytics_workspace.main",
            "module.aks.data.azurerm_resource_group.main",
            "random_id.prefix"
          ]
        }
      ]
    },
    {
      "module": "module.aks",
      "mode": "managed",
      "type": "azurerm_log_analytics_workspace",
      "name": "main",
      "provider": "provider[\"registry.terraform.io/hashicorp/azurerm\"]",
      "instances": [
        {
          "index_key": 0,
          "schema_version": 3,
          "attributes": {
            "allow_resource_only_permissions": true,
            "cmk_for_query_forced": false,
            "daily_quota_gb": -1,
            "data_collection_rule_id": "",
            "id": "/subscriptions/5f2a44e0-a3d1-443e-87ce-077a895d5276/resourceGroups/cdd94c5795a77b49-rg/providers/Microsoft.OperationalInsights/workspaces/prefix-cdd94c5795a77b49-workspace",
            "identity": [],
            "immediate_data_purge_on_30_days_enabled": false,
            "internet_ingestion_enabled": true,
            "internet_query_enabled": true,
            "local_authentication_disabled": false,
            "location": "centralus",
            "name": "prefix-cdd94c5795a77b49-workspace",
            "primary_shared_key": "5QYWi/u1jsAE7rwckTxJq+AU9rywI5baEHkt6gAwR6qKFPM4L/puvdl6RKs7Z8uU+TWMQhTg21t+4MGUNkB4jQ==",
            "reservation_capacity_in_gb_per_day": null,
            "resource_group_name": "cdd94c5795a77b49-rg",
            "retention_in_days": 30,
            "secondary_shared_key": "dhlqiHeDq/Y7l1LAh0HNsogsN+fIwfiwub+4RWv6DBlrWXoyU61Ve7Q7bM3liSk/yZNIPzQKk4Fx7FjcF1wYXA==",
            "sku": "PerGB2018",
            "tags": null,
            "timeouts": null,
            "workspace_id": "f28db1ae-d0bf-4dc4-bfb1-c92133b07a10"
          },
          "sensitive_attributes": [],
          "private": "eyJlMmJmYjczMC1lY2FhLTExZTYtOGY4OC0zNDM2M2JjN2M0YzAiOnsiY3JlYXRlIjoxODAwMDAwMDAwMDAwLCJkZWxldGUiOjE4MDAwMDAwMDAwMDAsInJlYWQiOjMwMDAwMDAwMDAwMCwidXBkYXRlIjoxODAwMDAwMDAwMDAwfSwic2NoZW1hX3ZlcnNpb24iOiIzIn0=",
          "dependencies": [
            "azurerm_resource_group.main",
            "module.aks.data.azurerm_resource_group.main",
            "random_id.prefix"
          ],
          "create_before_destroy": true
        }
      ]
    },
    {
      "module": "module.aks",
      "mode": "managed",
      "type": "null_resource",
      "name": "kubernetes_cluster_name_keeper",
      "provider": "provider[\"registry.terraform.io/hashicorp/null\"]",
      "instances": [
        {
          "schema_version": 0,
          "attributes": {
            "id": "6971459308784209953",
            "triggers": {
              "name": "prefix-cdd94c5795a77b49-aks"
            }
          },
          "sensitive_attributes": [],
          "dependencies": [
            "random_id.prefix"
          ],
          "create_before_destroy": true
        }
      ]
    },
    {
      "module": "module.aks",
      "mode": "managed",
      "type": "null_resource",
      "name": "kubernetes_version_keeper",
      "provider": "provider[\"registry.terraform.io/hashicorp/null\"]",
      "instances": [
        {
          "schema_version": 0,
          "attributes": {
            "id": "4890682273884669950",
            "triggers": {
              "version": null
            }
          },
          "sensitive_attributes": [],
          "create_before_destroy": true
        }
      ]
    },
    {
      "module": "module.aks",
      "mode": "managed",
      "type": "null_resource",
      "name": "pool_name_keeper",
      "provider": "provider[\"registry.terraform.io/hashicorp/null\"]",
      "instances": [
        {
          "index_key": "worker0",
          "schema_version": 0,
          "attributes": {
            "id": "7526187781213361609",
            "triggers": {
              "pool_name": "worker0c"
            }
          },
          "sensitive_attributes": [],
          "dependencies": [
            "azurerm_resource_group.main",
            "azurerm_subnet.test",
            "azurerm_virtual_network.test",
            "random_id.prefix"
          ],
          "create_before_destroy": true
        },
        {
          "index_key": "worker1",
          "schema_version": 0,
          "attributes": {
            "id": "260774845035656359",
            "triggers": {
              "pool_name": "worker1c"
            }
          },
          "sensitive_attributes": [],
          "dependencies": [
            "azurerm_resource_group.main",
            "azurerm_subnet.test",
            "azurerm_virtual_network.test",
            "random_id.prefix"
          ],
          "create_before_destroy": true
        },
        {
          "index_key": "worker2",
          "schema_version": 0,
          "attributes": {
            "id": "1662569314081303147",
            "triggers": {
              "pool_name": "worker2c"
            }
          },
          "sensitive_attributes": [],
          "dependencies": [
            "azurerm_resource_group.main",
            "azurerm_subnet.test",
            "azurerm_virtual_network.test",
            "random_id.prefix"
          ],
          "create_before_destroy": true
        }
      ]
    }
  ],
  "check_results": [
    {
      "object_kind": "resource",
      "config_addr": "module.aks.azurerm_kubernetes_cluster_node_pool.node_pool_create_after_destroy",
      "status": "pass",
      "objects": [
        {
          "object_addr": "module.aks.azurerm_kubernetes_cluster_node_pool.node_pool_create_after_destroy[\"worker1\"]",
          "status": "pass"
        }
      ]
    },
    {
      "object_kind": "resource",
      "config_addr": "module.aks.azurerm_role_assignment.network_contributor_on_subnet",
      "status": "pass",
      "objects": null
    },
    {
      "object_kind": "resource",
      "config_addr": "module.aks.azurerm_log_analytics_workspace.main",
      "status": "pass",
      "objects": [
        {
          "object_addr": "module.aks.azurerm_log_analytics_workspace.main[0]",
          "status": "pass"
        }
      ]
    },
    {
      "object_kind": "resource",
      "config_addr": "module.aks.azurerm_role_assignment.application_gateway_byo_vnet_network_contributor",
      "status": "pass",
      "objects": null
    },
    {
      "object_kind": "resource",
      "config_addr": "module.aks.azurerm_role_assignment.existing_application_gateway_contributor",
      "status": "pass",
      "objects": null
    },
    {
      "object_kind": "resource",
      "config_addr": "module.aks.azurerm_kubernetes_cluster_node_pool.node_pool_create_before_destroy",
      "status": "pass",
      "objects": [
        {
          "object_addr": "module.aks.azurerm_kubernetes_cluster_node_pool.node_pool_create_before_destroy[\"worker2\"]",
          "status": "pass"
        },
        {
          "object_addr": "module.aks.azurerm_kubernetes_cluster_node_pool.node_pool_create_before_destroy[\"worker0\"]",
          "status": "pass"
        }
      ]
    },
    {
      "object_kind": "resource",
      "config_addr": "module.aks.azurerm_role_assignment.application_gateway_existing_vnet_network_contributor",
      "status": "pass",
      "objects": null
    },
    {
      "object_kind": "resource",
      "config_addr": "module.aks.azurerm_kubernetes_cluster.main",
      "status": "pass",
      "objects": [
        {
          "object_addr": "module.aks.azurerm_kubernetes_cluster.main",
          "status": "pass"
        }
      ]
    },
    {
      "object_kind": "resource",
      "config_addr": "module.aks.azurerm_role_assignment.network_contributor",
      "status": "pass",
      "objects": null
    }
  ]
}
